{
    "_meta": {
        "hash": {
            "sha256": "d197b21658b8bf25059b32d9b9724f164e6f5221b1eb5d4a6e22014dec4abbe7"
        },
        "pipfile-spec": 6,
        "requires": {
            "python_version": "3.10"
        },
        "sources": [
            {
                "name": "pypi",
                "url": "https://pypi.org/simple",
                "verify_ssl": true
            }
        ]
    },
    "default": {
        "lief": {
            "hashes": [
                "sha256:0a0754079d595c9e3ceffed9e32d309ed139b1433fad9ad37aaa35e6a8e67d70",
                "sha256:0ba07f12c00950554d29495c3aef3740c44243d1c0d80a3f8dadf64c456a32e7",
                "sha256:110705c186f2ddc13fc2fad0dc9d501742d785b934103fdf56e86a86bcbcac1d",
                "sha256:17e2809fa52e377d1a5045dbbbdea8bebbaad7f672d6c133287388e7e9942b64",
                "sha256:1d949c53f95132ef0d218e88c3c982610c54426249c95f99b736e5c15bb1b75b",
                "sha256:28e847e8410b9101f49af0ae9d06e7cb2d0db64c47442ac4c79abf1b15b2c108",
                "sha256:33f2afdf9f00a8a208d5f32135834fc5f02bd12e8b14f0857cf14d4475ad03bb",
                "sha256:46808f2ec6903d8a4a4a4975d664e70c64ca11691bacb391a51029a8cb941e92",
                "sha256:4a44d5bd2462c9db68227ed9193243c412ce6153fe6a8e53782ff4210e4606ab",
                "sha256:4e6ca44bc9d0d314ac73148c64e4f9182c950a2f2024ab9d3d7100635d46261a",
                "sha256:51e7adfe1cc574a035b47a280cb5902cec6deb2d78ef0b47c536bdd75dfa6956",
                "sha256:5713e27ba7bbe7c8c503354f3555a33e69d5236a02dd34d162156cc85a9b88b5",
                "sha256:583d37400c85dc80299db873d380c0901995ae03606f7de50fd3d0538e7a7860",
                "sha256:60be24af0b913a79922a9730302df5f380954a1d7b1c0c7de91b8918e36f0756",
                "sha256:684c1500fddab8aaf5a4f74cd092ea190c4c837d31c5d087c68a9f175775c2db",
                "sha256:69df631cd0573388fa6891277d006f8da2fa42a5bbe3acc440b66a7352f6bef3",
                "sha256:70b53498390e8b95d878598c95bd068f5c86cab415c3869538fbce4cee36a9cc",
                "sha256:737bd6fab74e222968936794e09b2bf399417c38a3bc13d6ad70836793e78586",
                "sha256:75c7daefe56ba91ad4fc0a5e6573ca3c79dea2e938787b285b31ac0c25c5e5c3",
                "sha256:7f89b8e3cc6aa01f50a8ed58d5aea89f6d767df7951fd050659e9617c1b4eb45",
                "sha256:9998bd60d332b50f72fb71d22316b227f9fdbb301c953e8aa003822a80a6ed0a",
                "sha256:b1e9af189e0dcbd6ce9ce67266135ef288c9b8f9a5efe2a47d0d0266288713cf",
                "sha256:b34708c002c119f43998af3c4f219d06de6b66a34aceb298fd8bba8247e57572",
                "sha256:b850f38b62ca8a92c7f9803ceac0e79369b732a75e627cba3c2b8f1fa729f643",
                "sha256:ba29aabd72e92334d54883d58b108f80465973edaec3e27cb422abbc657bfe17",
                "sha256:bc8647f050728c09645666765de6dcbc681df7b0b6bdcfb4cdbbb96a523d2eaa",
                "sha256:c49d34c9140a4b77046137ceeeb872f26262447f514ccbf0cc985a91e59e7f69",
                "sha256:f237042467f41bf0e64b051e780865f9aef958ddec1a358317cc259da2ec2a16",
                "sha256:fe783a180d63aa3ae19c5f58dc76afc179f40249c4c77d9f70bc557255b4051b",
                "sha256:ff42aa1f12d3dc8bc5641eb1991269fb92e43bae386559ad576c97ffa09639f2"
            ],
            "index": "pypi",
            "markers": "python_version >= '3.8'",
            "version": "==0.14.0"
        }
    },
    "develop": {}
}
