{
    "_meta": {
        "hash": {
            "sha256": "ac3f5fb2fe4e873c84265a98ca68f61afffc7d77d01a69a6c8c9935da98edfd7"
        },
        "pipfile-spec": 6,
        "requires": {
            "python_version": "3.12"
        },
        "sources": [
            {
                "name": "pypi",
                "url": "https://pypi.org/simple",
                "verify_ssl": true
            }
        ]
    },
    "default": {
        "lief": {
            "hashes": [
                "sha256:0616e6048f269d262ff93d67c497ebff3c1d3965ffb9427b0f2b474764fd2e8c",
                "sha256:0750c892fd3b7161a3c2279f25fe1844427610c3a5a4ae23f65674ced6f93ea5",
                "sha256:0d10e5b22e86bbf2d1e3877b604ffd8860c852b6bc00fca681fe1432f5018fe9",
                "sha256:12e53dc0253c303df386ae45487a2f0078026602b36d0e09e838ae1d4dbef958",
                "sha256:13285c3ff5ef6de2421d85684c954905af909db0ad3472e33c475e5f0f657dcf",
                "sha256:1a96f17c2085ef38d12ad81427ae8a5d6ad76f0bc62a1e1f5fe384255cd2cc94",
                "sha256:1e11e046ad71fe8c81e1a8d1d207fe2b99c967d33ce79c3d3915cb8f5ecacf52",
                "sha256:20508c52de0dffcee3242253541609590167a3e56150cbacb506fdbb822206ef",
                "sha256:28bf0922de5fb74502a29cc47930d3a052df58dc23ab6519fa590e564f194a60",
                "sha256:382a189514c0e6ebfb41e0db6106936c7ba94d8400651276add2899ff3570585",
                "sha256:38b9cee48f42c355359ad7e3ff18bf1ec95e518238e4e8fb25657a49169dbf4c",
                "sha256:4dedeab498c312a29b58f16b739895f65fa54b2a21b8d98b111e99ad3f7e30a8",
                "sha256:4e47324736d6aa559421720758de4ce12d04fb56bdffa3dcc051fe8cdd42ed17",
                "sha256:5af7dcb9c3f44baaf60875df6ba9af6777db94776cc577ee86143bcce105ba2f",
                "sha256:674b620cdf1d686f52450fd97c1056d4c92e55af8217ce85a1b2efaf5b32140b",
                "sha256:6a08b2e512a80040429febddc777768c949bcd53f6f580e902e41ec0d9d936b8",
                "sha256:785a3aa14575f046ed9c8d44ea222ea14c697cd03b5331d1717b5b0cf4f72466",
                "sha256:82e6308ad8bd4bc7eadee3502ede13a5bb398725f25513a0396c8dba850f58a1",
                "sha256:84bf310710369544e2bb82f83d7fdab5b5ac422651184fde8bf9e35f14439691",
                "sha256:864f17ecf1736296e6d5fc38b11983f9d19a5e799f094e21e20d58bfb1b95b80",
                "sha256:8ac3cd099be2580d0e15150b1d2f5095c38f150af89993ddf390d7897ee8135f",
                "sha256:8fb58efb77358291109d2675d5459399c0794475b497992d0ecee18a4a46a207",
                "sha256:932f880ee8a130d663a97a9099516d8570b1b303af7816e70a02f9931d5ef4c2",
                "sha256:a079a76bca23aa73c850ab5beb7598871a1bf44662658b952cead2b5ddd31bee",
                "sha256:a80246b96501b2b1d4927ceb3cb817eda9333ffa9e07101358929a6cffca5dae",
                "sha256:a8634ea79d6d9862297fadce025519ab25ff01fcadb333cf42967c6295f0d057",
                "sha256:b9217578f7a45f667503b271da8481207fb4edda8d4a53e869fb922df6030484",
                "sha256:c2ec738bcafee8a569741f4a749f0596823b12f10713306c7d0cbbf85759f51c",
                "sha256:d0f10d80202de9634a16786b53ba3a8f54ae8b9a9e124a964d83212444486087",
                "sha256:d5852a246361bbefa4c1d5930741765a2337638d65cfe30de1b7d61f9a54b865",
                "sha256:d7044553cf07c8a2ab6e21874f07585610d996ff911b9af71dc6085a89f59daa",
                "sha256:d780af1762022b8e01b613253af490afea3864fbd6b5a49c6de7cea8fde0443d",
                "sha256:db38619edf70e27fb3686b8c0f0bec63ad494ac88ab51660c5ecd2720b506e41",
                "sha256:dbdcd70fd23c90017705b7fe6c716f0a69c01d0d0ea7a2ff653d83dc4a61fefb",
                "sha256:dde1c8f8ebe0ee9db4f2302c87ae3cacb9898dc412e0d7da07a8e4e834ac5158",
                "sha256:ddf2ebd73766169594d631b35f84c49ef42871de552ad49f36002c60164d0aca",
                "sha256:de9453f94866e0f2c36b6bd878625880080e7e5800788f5cbc06a76debf283b9",
                "sha256:e9b96a37bf11ca777ff305d85d957eabad2a92a6e577b6e2fb3ab79514e5a12e",
                "sha256:f9757ff0c7c3d6f66e5fdcc6a9df69680fad0dc2707d64a3428f0825dfce1a85",
                "sha256:fcd489ff80860bcc2b2689faa330a46b6d66f0ee3e0f6ef9e643e2b996128a06"
            ],
            "index": "pypi",
            "markers": "python_version >= '3.8'",
            "version": "==0.15.1"
        }
    },
    "develop": {}
}
